// !$*UTF8*$!
{
	archiveVersion = 1;
	classes = {
	};
	objectVersion = 55;
	objects = {

/* Begin PBXBuildFile section */
		D0578EC4280B39E3005E0355 /* GeekJokesApp.swift in Sources */ = {isa = PBXBuildFile; fileRef = D0578EC3280B39E3005E0355 /* GeekJokesApp.swift */; };
		D0578EC6280B39E3005E0355 /* GeekJokesContentView.swift in Sources */ = {isa = PBXBuildFile; fileRef = D0578EC5280B39E3005E0355 /* GeekJokesContentView.swift */; };
		D0578EC8280B39E4005E0355 /* Assets.xcassets in Resources */ = {isa = PBXBuildFile; fileRef = D0578EC7280B39E4005E0355 /* Assets.xcassets */; };
		D0578ECB280B39E4005E0355 /* Preview Assets.xcassets in Resources */ = {isa = PBXBuildFile; fileRef = D0578ECA280B39E4005E0355 /* Preview Assets.xcassets */; };
		D0578ED5280B39E4005E0355 /* GeekJokesTests.swift in Sources */ = {isa = PBXBuildFile; fileRef = D0578ED4280B39E4005E0355 /* GeekJokesTests.swift */; };
		D0578EDF280B39E4005E0355 /* GeekJokesUITests.swift in Sources */ = {isa = PBXBuildFile; fileRef = D0578EDE280B39E4005E0355 /* GeekJokesUITests.swift */; };
		D0578EE1280B39E4005E0355 /* GeekJokesUITestsLaunchTests.swift in Sources */ = {isa = PBXBuildFile; fileRef = D0578EE0280B39E4005E0355 /* GeekJokesUITestsLaunchTests.swift */; };
		D0578EEF280B3AA0005E0355 /* GeekJokesServiceAPI.swift in Sources */ = {isa = PBXBuildFile; fileRef = D0578EEE280B3AA0005E0355 /* GeekJokesServiceAPI.swift */; };
		D0578EF1280B41DE005E0355 /* GeekJokesResponseModel.swift in Sources */ = {isa = PBXBuildFile; fileRef = D0578EF0280B41DE005E0355 /* GeekJokesResponseModel.swift */; };
		D0578EF4280B47EE005E0355 /* RxRelay in Frameworks */ = {isa = PBXBuildFile; productRef = D0578EF3280B47EE005E0355 /* RxRelay */; };
		D0578EF6280B47EE005E0355 /* RxSwift in Frameworks */ = {isa = PBXBuildFile; productRef = D0578EF5280B47EE005E0355 /* RxSwift */; };
		D0EB93DB2839618000686ECC /* ComposableArchitecture in Frameworks */ = {isa = PBXBuildFile; productRef = D0EB93DA2839618000686ECC /* ComposableArchitecture */; };
		D0EB93DE283962E700686ECC /* AppState.swift in Sources */ = {isa = PBXBuildFile; fileRef = D0EB93DD283962E700686ECC /* AppState.swift */; };
		D0EB93E0283962FB00686ECC /* AppActions.swift in Sources */ = {isa = PBXBuildFile; fileRef = D0EB93DF283962FB00686ECC /* AppActions.swift */; };
		D0EB93E22839630A00686ECC /* AppEnvironment.swift in Sources */ = {isa = PBXBuildFile; fileRef = D0EB93E12839630A00686ECC /* AppEnvironment.swift */; };
		D0EB93E4283964E600686ECC /* AppReducer.swift in Sources */ = {isa = PBXBuildFile; fileRef = D0EB93E3283964E600686ECC /* AppReducer.swift */; };
/* End PBXBuildFile section */

/* Begin PBXContainerItemProxy section */
		D0578ED1280B39E4005E0355 /* PBXContainerItemProxy */ = {
			isa = PBXContainerItemProxy;
			containerPortal = D0578EB8280B39E2005E0355 /* Project object */;
			proxyType = 1;
			remoteGlobalIDString = D0578EBF280B39E3005E0355;
			remoteInfo = GeekJokes;
		};
		D0578EDB280B39E4005E0355 /* PBXContainerItemProxy */ = {
			isa = PBXContainerItemProxy;
			containerPortal = D0578EB8280B39E2005E0355 /* Project object */;
			proxyType = 1;
			remoteGlobalIDString = D0578EBF280B39E3005E0355;
			remoteInfo = GeekJokes;
		};
/* End PBXContainerItemProxy section */

/* Begin PBXFileReference section */
		D0578EC0280B39E3005E0355 /* GeekJokes.app */ = {isa = PBXFileReference; explicitFileType = wrapper.application; includeInIndex = 0; path = GeekJokes.app; sourceTree = BUILT_PRODUCTS_DIR; };
		D0578EC3280B39E3005E0355 /* GeekJokesApp.swift */ = {isa = PBXFileReference; lastKnownFileType = sourcecode.swift; path = GeekJokesApp.swift; sourceTree = "<group>"; };
		D0578EC5280B39E3005E0355 /* GeekJokesContentView.swift */ = {isa = PBXFileReference; lastKnownFileType = sourcecode.swift; path = GeekJokesContentView.swift; sourceTree = "<group>"; };
		D0578EC7280B39E4005E0355 /* Assets.xcassets */ = {isa = PBXFileReference; lastKnownFileType = folder.assetcatalog; path = Assets.xcassets; sourceTree = "<group>"; };
		D0578ECA280B39E4005E0355 /* Preview Assets.xcassets */ = {isa = PBXFileReference; lastKnownFileType = folder.assetcatalog; path = "Preview Assets.xcassets"; sourceTree = "<group>"; };
		D0578ED0280B39E4005E0355 /* GeekJokesTests.xctest */ = {isa = PBXFileReference; explicitFileType = wrapper.cfbundle; includeInIndex = 0; path = GeekJokesTests.xctest; sourceTree = BUILT_PRODUCTS_DIR; };
		D0578ED4280B39E4005E0355 /* GeekJokesTests.swift */ = {isa = PBXFileReference; lastKnownFileType = sourcecode.swift; path = GeekJokesTests.swift; sourceTree = "<group>"; };
		D0578EDA280B39E4005E0355 /* GeekJokesUITests.xctest */ = {isa = PBXFileReference; explicitFileType = wrapper.cfbundle; includeInIndex = 0; path = GeekJokesUITests.xctest; sourceTree = BUILT_PRODUCTS_DIR; };
		D0578EDE280B39E4005E0355 /* GeekJokesUITests.swift */ = {isa = PBXFileReference; lastKnownFileType = sourcecode.swift; path = GeekJokesUITests.swift; sourceTree = "<group>"; };
		D0578EE0280B39E4005E0355 /* GeekJokesUITestsLaunchTests.swift */ = {isa = PBXFileReference; lastKnownFileType = sourcecode.swift; path = GeekJokesUITestsLaunchTests.swift; sourceTree = "<group>"; };
		D0578EEE280B3AA0005E0355 /* GeekJokesServiceAPI.swift */ = {isa = PBXFileReference; lastKnownFileType = sourcecode.swift; path = GeekJokesServiceAPI.swift; sourceTree = "<group>"; };
		D0578EF0280B41DE005E0355 /* GeekJokesResponseModel.swift */ = {isa = PBXFileReference; lastKnownFileType = sourcecode.swift; path = GeekJokesResponseModel.swift; sourceTree = "<group>"; };
		D0EB93DD283962E700686ECC /* AppState.swift */ = {isa = PBXFileReference; lastKnownFileType = sourcecode.swift; path = AppState.swift; sourceTree = "<group>"; };
		D0EB93DF283962FB00686ECC /* AppActions.swift */ = {isa = PBXFileReference; lastKnownFileType = sourcecode.swift; path = AppActions.swift; sourceTree = "<group>"; };
		D0EB93E12839630A00686ECC /* AppEnvironment.swift */ = {isa = PBXFileReference; lastKnownFileType = sourcecode.swift; path = AppEnvironment.swift; sourceTree = "<group>"; };
		D0EB93E3283964E600686ECC /* AppReducer.swift */ = {isa = PBXFileReference; lastKnownFileType = sourcecode.swift; path = AppReducer.swift; sourceTree = "<group>"; };
/* End PBXFileReference section */

/* Begin PBXFrameworksBuildPhase section */
		D0578EBD280B39E3005E0355 /* Frameworks */ = {
			isa = PBXFrameworksBuildPhase;
			buildActionMask = 2147483647;
			files = (
				D0578EF6280B47EE005E0355 /* RxSwift in Frameworks */,
				D0578EF4280B47EE005E0355 /* RxRelay in Frameworks */,
				D0EB93DB2839618000686ECC /* ComposableArchitecture in Frameworks */,
			);
			runOnlyForDeploymentPostprocessing = 0;
		};
		D0578ECD280B39E4005E0355 /* Frameworks */ = {
			isa = PBXFrameworksBuildPhase;
			buildActionMask = 2147483647;
			files = (
			);
			runOnlyForDeploymentPostprocessing = 0;
		};
		D0578ED7280B39E4005E0355 /* Frameworks */ = {
			isa = PBXFrameworksBuildPhase;
			buildActionMask = 2147483647;
			files = (
			);
			runOnlyForDeploymentPostprocessing = 0;
		};
/* End PBXFrameworksBuildPhase section */

/* Begin PBXGroup section */
		D0578EB7280B39E2005E0355 = {
			isa = PBXGroup;
			children = (
				D0EB93DC283962D600686ECC /* Domain */,
				D0578EED280B3A84005E0355 /* GeekJokesService */,
				D0578EC2280B39E3005E0355 /* GeekJokes */,
				D0578ED3280B39E4005E0355 /* GeekJokesTests */,
				D0578EDD280B39E4005E0355 /* GeekJokesUITests */,
				D0578EC1280B39E3005E0355 /* Products */,
			);
			sourceTree = "<group>";
		};
		D0578EC1280B39E3005E0355 /* Products */ = {
			isa = PBXGroup;
			children = (
				D0578EC0280B39E3005E0355 /* GeekJokes.app */,
				D0578ED0280B39E4005E0355 /* GeekJokesTests.xctest */,
				D0578EDA280B39E4005E0355 /* GeekJokesUITests.xctest */,
			);
			name = Products;
			sourceTree = "<group>";
		};
		D0578EC2280B39E3005E0355 /* GeekJokes */ = {
			isa = PBXGroup;
			children = (
				D0578EC3280B39E3005E0355 /* GeekJokesApp.swift */,
				D0578EC5280B39E3005E0355 /* GeekJokesContentView.swift */,
				D0578EC7280B39E4005E0355 /* Assets.xcassets */,
				D0578EC9280B39E4005E0355 /* Preview Content */,
			);
			path = GeekJokes;
			sourceTree = "<group>";
		};
		D0578EC9280B39E4005E0355 /* Preview Content */ = {
			isa = PBXGroup;
			children = (
				D0578ECA280B39E4005E0355 /* Preview Assets.xcassets */,
			);
			path = "Preview Content";
			sourceTree = "<group>";
		};
		D0578ED3280B39E4005E0355 /* GeekJokesTests */ = {
			isa = PBXGroup;
			children = (
				D0578ED4280B39E4005E0355 /* GeekJokesTests.swift */,
			);
			path = GeekJokesTests;
			sourceTree = "<group>";
		};
		D0578EDD280B39E4005E0355 /* GeekJokesUITests */ = {
			isa = PBXGroup;
			children = (
				D0578EDE280B39E4005E0355 /* GeekJokesUITests.swift */,
				D0578EE0280B39E4005E0355 /* GeekJokesUITestsLaunchTests.swift */,
			);
			path = GeekJokesUITests;
			sourceTree = "<group>";
		};
		D0578EED280B3A84005E0355 /* GeekJokesService */ = {
			isa = PBXGroup;
			children = (
				D0578EEE280B3AA0005E0355 /* GeekJokesServiceAPI.swift */,
				D0578EF0280B41DE005E0355 /* GeekJokesResponseModel.swift */,
			);
			path = GeekJokesService;
			sourceTree = "<group>";
		};
		D0EB93DC283962D600686ECC /* Domain */ = {
			isa = PBXGroup;
			children = (
				D0EB93DD283962E700686ECC /* AppState.swift */,
				D0EB93DF283962FB00686ECC /* AppActions.swift */,
				D0EB93E12839630A00686ECC /* AppEnvironment.swift */,
				D0EB93E3283964E600686ECC /* AppReducer.swift */,
			);
			path = Domain;
			sourceTree = "<group>";
		};
/* End PBXGroup section */

/* Begin PBXNativeTarget section */
		D0578EBF280B39E3005E0355 /* GeekJokes */ = {
			isa = PBXNativeTarget;
			buildConfigurationList = D0578EE4280B39E4005E0355 /* Build configuration list for PBXNativeTarget "GeekJokes" */;
			buildPhases = (
				D0578EBC280B39E3005E0355 /* Sources */,
				D0578EBD280B39E3005E0355 /* Frameworks */,
				D0578EBE280B39E3005E0355 /* Resources */,
			);
			buildRules = (
			);
			dependencies = (
			);
			name = GeekJokes;
			packageProductDependencies = (
				D0578EF3280B47EE005E0355 /* RxRelay */,
				D0578EF5280B47EE005E0355 /* RxSwift */,
				D0EB93DA2839618000686ECC /* ComposableArchitecture */,
			);
			productName = GeekJokes;
			productReference = D0578EC0280B39E3005E0355 /* GeekJokes.app */;
			productType = "com.apple.product-type.application";
		};
		D0578ECF280B39E4005E0355 /* GeekJokesTests */ = {
			isa = PBXNativeTarget;
			buildConfigurationList = D0578EE7280B39E4005E0355 /* Build configuration list for PBXNativeTarget "GeekJokesTests" */;
			buildPhases = (
				D0578ECC280B39E4005E0355 /* Sources */,
				D0578ECD280B39E4005E0355 /* Frameworks */,
				D0578ECE280B39E4005E0355 /* Resources */,
			);
			buildRules = (
			);
			dependencies = (
				D0578ED2280B39E4005E0355 /* PBXTargetDependency */,
			);
			name = GeekJokesTests;
			productName = GeekJokesTests;
			productReference = D0578ED0280B39E4005E0355 /* GeekJokesTests.xctest */;
			productType = "com.apple.product-type.bundle.unit-test";
		};
		D0578ED9280B39E4005E0355 /* GeekJokesUITests */ = {
			isa = PBXNativeTarget;
			buildConfigurationList = D0578EEA280B39E4005E0355 /* Build configuration list for PBXNativeTarget "GeekJokesUITests" */;
			buildPhases = (
				D0578ED6280B39E4005E0355 /* Sources */,
				D0578ED7280B39E4005E0355 /* Frameworks */,
				D0578ED8280B39E4005E0355 /* Resources */,
			);
			buildRules = (
			);
			dependencies = (
				D0578EDC280B39E4005E0355 /* PBXTargetDependency */,
			);
			name = GeekJokesUITests;
			productName = GeekJokesUITests;
			productReference = D0578EDA280B39E4005E0355 /* GeekJokesUITests.xctest */;
			productType = "com.apple.product-type.bundle.ui-testing";
		};
/* End PBXNativeTarget section */

/* Begin PBXProject section */
		D0578EB8280B39E2005E0355 /* Project object */ = {
			isa = PBXProject;
			attributes = {
				BuildIndependentTargetsInParallel = 1;
				LastSwiftUpdateCheck = 1330;
				LastUpgradeCheck = 1330;
				TargetAttributes = {
					D0578EBF280B39E3005E0355 = {
						CreatedOnToolsVersion = 13.3;
					};
					D0578ECF280B39E4005E0355 = {
						CreatedOnToolsVersion = 13.3;
						TestTargetID = D0578EBF280B39E3005E0355;
					};
					D0578ED9280B39E4005E0355 = {
						CreatedOnToolsVersion = 13.3;
						TestTargetID = D0578EBF280B39E3005E0355;
					};
				};
			};
			buildConfigurationList = D0578EBB280B39E2005E0355 /* Build configuration list for PBXProject "GeekJokes" */;
			compatibilityVersion = "Xcode 13.0";
			developmentRegion = en;
			hasScannedForEncodings = 0;
			knownRegions = (
				en,
				Base,
			);
			mainGroup = D0578EB7280B39E2005E0355;
			packageReferences = (
				D0578EF2280B47EE005E0355 /* XCRemoteSwiftPackageReference "RxSwift" */,
				D0EB93D92839618000686ECC /* XCRemoteSwiftPackageReference "swift-composable-architecture" */,
			);
			productRefGroup = D0578EC1280B39E3005E0355 /* Products */;
			projectDirPath = "";
			projectRoot = "";
			targets = (
				D0578EBF280B39E3005E0355 /* GeekJokes */,
				D0578ECF280B39E4005E0355 /* GeekJokesTests */,
				D0578ED9280B39E4005E0355 /* GeekJokesUITests */,
			);
		};
/* End PBXProject section */

/* Begin PBXResourcesBuildPhase section */
		D0578EBE280B39E3005E0355 /* Resources */ = {
			isa = PBXResourcesBuildPhase;
			buildActionMask = 2147483647;
			files = (
				D0578ECB280B39E4005E0355 /* Preview Assets.xcassets in Resources */,
				D0578EC8280B39E4005E0355 /* Assets.xcassets in Resources */,
			);
			runOnlyForDeploymentPostprocessing = 0;
		};
		D0578ECE280B39E4005E0355 /* Resources */ = {
			isa = PBXResourcesBuildPhase;
			buildActionMask = 2147483647;
			files = (
			);
			runOnlyForDeploymentPostprocessing = 0;
		};
		D0578ED8280B39E4005E0355 /* Resources */ = {
			isa = PBXResourcesBuildPhase;
			buildActionMask = 2147483647;
			files = (
			);
			runOnlyForDeploymentPostprocessing = 0;
		};
/* End PBXResourcesBuildPhase section */

/* Begin PBXSourcesBuildPhase section */
		D0578EBC280B39E3005E0355 /* Sources */ = {
			isa = PBXSourcesBuildPhase;
			buildActionMask = 2147483647;
			files = (
				D0578EC6280B39E3005E0355 /* GeekJokesContentView.swift in Sources */,
				D0EB93E0283962FB00686ECC /* AppActions.swift in Sources */,
				D0EB93E4283964E600686ECC /* AppReducer.swift in Sources */,
				D0578EEF280B3AA0005E0355 /* GeekJokesServiceAPI.swift in Sources */,
				D0EB93DE283962E700686ECC /* AppState.swift in Sources */,
				D0EB93E22839630A00686ECC /* AppEnvironment.swift in Sources */,
				D0578EC4280B39E3005E0355 /* GeekJokesApp.swift in Sources */,
				D0578EF1280B41DE005E0355 /* GeekJokesResponseModel.swift in Sources */,
			);
			runOnlyForDeploymentPostprocessing = 0;
		};
		D0578ECC280B39E4005E0355 /* Sources */ = {
			isa = PBXSourcesBuildPhase;
			buildActionMask = 2147483647;
			files = (
				D0578ED5280B39E4005E0355 /* GeekJokesTests.swift in Sources */,
			);
			runOnlyForDeploymentPostprocessing = 0;
		};
		D0578ED6280B39E4005E0355 /* Sources */ = {
			isa = PBXSourcesBuildPhase;
			buildActionMask = 2147483647;
			files = (
				D0578EDF280B39E4005E0355 /* GeekJokesUITests.swift in Sources */,
				D0578EE1280B39E4005E0355 /* GeekJokesUITestsLaunchTests.swift in Sources */,
			);
			runOnlyForDeploymentPostprocessing = 0;
		};
/* End PBXSourcesBuildPhase section */

/* Begin PBXTargetDependency section */
		D0578ED2280B39E4005E0355 /* PBXTargetDependency */ = {
			isa = PBXTargetDependency;
			target = D0578EBF280B39E3005E0355 /* GeekJokes */;
			targetProxy = D0578ED1280B39E4005E0355 /* PBXContainerItemProxy */;
		};
		D0578EDC280B39E4005E0355 /* PBXTargetDependency */ = {
			isa = PBXTargetDependency;
			target = D0578EBF280B39E3005E0355 /* GeekJokes */;
			targetProxy = D0578EDB280B39E4005E0355 /* PBXContainerItemProxy */;
		};
/* End PBXTargetDependency section */

/* Begin XCBuildConfiguration section */
		D0578EE2280B39E4005E0355 /* Debug */ = {
			isa = XCBuildConfiguration;
			buildSettings = {
				ALWAYS_SEARCH_USER_PATHS = NO;
				CLANG_ANALYZER_NONNULL = YES;
				CLANG_ANALYZER_NUMBER_OBJECT_CONVERSION = YES_AGGRESSIVE;
				CLANG_CXX_LANGUAGE_STANDARD = "gnu++17";
				CLANG_ENABLE_MODULES = YES;
				CLANG_ENABLE_OBJC_ARC = YES;
				CLANG_ENABLE_OBJC_WEAK = YES;
				CLANG_WARN_BLOCK_CAPTURE_AUTORELEASING = YES;
				CLANG_WARN_BOOL_CONVERSION = YES;
				CLANG_WARN_COMMA = YES;
				CLANG_WARN_CONSTANT_CONVERSION = YES;
				CLANG_WARN_DEPRECATED_OBJC_IMPLEMENTATIONS = YES;
				CLANG_WARN_DIRECT_OBJC_ISA_USAGE = YES_ERROR;
				CLANG_WARN_DOCUMENTATION_COMMENTS = YES;
				CLANG_WARN_EMPTY_BODY = YES;
				CLANG_WARN_ENUM_CONVERSION = YES;
				CLANG_WARN_INFINITE_RECURSION = YES;
				CLANG_WARN_INT_CONVERSION = YES;
				CLANG_WARN_NON_LITERAL_NULL_CONVERSION = YES;
				CLANG_WARN_OBJC_IMPLICIT_RETAIN_SELF = YES;
				CLANG_WARN_OBJC_LITERAL_CONVERSION = YES;
				CLANG_WARN_OBJC_ROOT_CLASS = YES_ERROR;
				CLANG_WARN_QUOTED_INCLUDE_IN_FRAMEWORK_HEADER = YES;
				CLANG_WARN_RANGE_LOOP_ANALYSIS = YES;
				CLANG_WARN_STRICT_PROTOTYPES = YES;
				CLANG_WARN_SUSPICIOUS_MOVE = YES;
				CLANG_WARN_UNGUARDED_AVAILABILITY = YES_AGGRESSIVE;
				CLANG_WARN_UNREACHABLE_CODE = YES;
				CLANG_WARN__DUPLICATE_METHOD_MATCH = YES;
				COPY_PHASE_STRIP = NO;
				DEBUG_INFORMATION_FORMAT = dwarf;
				ENABLE_STRICT_OBJC_MSGSEND = YES;
				ENABLE_TESTABILITY = YES;
				GCC_C_LANGUAGE_STANDARD = gnu11;
				GCC_DYNAMIC_NO_PIC = NO;
				GCC_NO_COMMON_BLOCKS = YES;
				GCC_OPTIMIZATION_LEVEL = 0;
				GCC_PREPROCESSOR_DEFINITIONS = (
					"DEBUG=1",
					"$(inherited)",
				);
				GCC_WARN_64_TO_32_BIT_CONVERSION = YES;
				GCC_WARN_ABOUT_RETURN_TYPE = YES_ERROR;
				GCC_WARN_UNDECLARED_SELECTOR = YES;
				GCC_WARN_UNINITIALIZED_AUTOS = YES_AGGRESSIVE;
				GCC_WARN_UNUSED_FUNCTION = YES;
				GCC_WARN_UNUSED_VARIABLE = YES;
				IPHONEOS_DEPLOYMENT_TARGET = 15.4;
				MTL_ENABLE_DEBUG_INFO = INCLUDE_SOURCE;
				MTL_FAST_MATH = YES;
				ONLY_ACTIVE_ARCH = YES;
				SDKROOT = iphoneos;
				SWIFT_ACTIVE_COMPILATION_CONDITIONS = DEBUG;
				SWIFT_OPTIMIZATION_LEVEL = "-Onone";
			};
			name = Debug;
		};
		D0578EE3280B39E4005E0355 /* Release */ = {
			isa = XCBuildConfiguration;
			buildSettings = {
				ALWAYS_SEARCH_USER_PATHS = NO;
				CLANG_ANALYZER_NONNULL = YES;
				CLANG_ANALYZER_NUMBER_OBJECT_CONVERSION = YES_AGGRESSIVE;
				CLANG_CXX_LANGUAGE_STANDARD = "gnu++17";
				CLANG_ENABLE_MODULES = YES;
				CLANG_ENABLE_OBJC_ARC = YES;
				CLANG_ENABLE_OBJC_WEAK = YES;
				CLANG_WARN_BLOCK_CAPTURE_AUTORELEASING = YES;
				CLANG_WARN_BOOL_CONVERSION = YES;
				CLANG_WARN_COMMA = YES;
				CLANG_WARN_CONSTANT_CONVERSION = YES;
				CLANG_WARN_DEPRECATED_OBJC_IMPLEMENTATIONS = YES;
				CLANG_WARN_DIRECT_OBJC_ISA_USAGE = YES_ERROR;
				CLANG_WARN_DOCUMENTATION_COMMENTS = YES;
				CLANG_WARN_EMPTY_BODY = YES;
				CLANG_WARN_ENUM_CONVERSION = YES;
				CLANG_WARN_INFINITE_RECURSION = YES;
				CLANG_WARN_INT_CONVERSION = YES;
				CLANG_WARN_NON_LITERAL_NULL_CONVERSION = YES;
				CLANG_WARN_OBJC_IMPLICIT_RETAIN_SELF = YES;
				CLANG_WARN_OBJC_LITERAL_CONVERSION = YES;
				CLANG_WARN_OBJC_ROOT_CLASS = YES_ERROR;
				CLANG_WARN_QUOTED_INCLUDE_IN_FRAMEWORK_HEADER = YES;
				CLANG_WARN_RANGE_LOOP_ANALYSIS = YES;
				CLANG_WARN_STRICT_PROTOTYPES = YES;
				CLANG_WARN_SUSPICIOUS_MOVE = YES;
				CLANG_WARN_UNGUARDED_AVAILABILITY = YES_AGGRESSIVE;
				CLANG_WARN_UNREACHABLE_CODE = YES;
				CLANG_WARN__DUPLICATE_METHOD_MATCH = YES;
				COPY_PHASE_STRIP = NO;
				DEBUG_INFORMATION_FORMAT = "dwarf-with-dsym";
				ENABLE_NS_ASSERTIONS = NO;
				ENABLE_STRICT_OBJC_MSGSEND = YES;
				GCC_C_LANGUAGE_STANDARD = gnu11;
				GCC_NO_COMMON_BLOCKS = YES;
				GCC_WARN_64_TO_32_BIT_CONVERSION = YES;
				GCC_WARN_ABOUT_RETURN_TYPE = YES_ERROR;
				GCC_WARN_UNDECLARED_SELECTOR = YES;
				GCC_WARN_UNINITIALIZED_AUTOS = YES_AGGRESSIVE;
				GCC_WARN_UNUSED_FUNCTION = YES;
				GCC_WARN_UNUSED_VARIABLE = YES;
				IPHONEOS_DEPLOYMENT_TARGET = 15.4;
				MTL_ENABLE_DEBUG_INFO = NO;
				MTL_FAST_MATH = YES;
				SDKROOT = iphoneos;
				SWIFT_COMPILATION_MODE = wholemodule;
				SWIFT_OPTIMIZATION_LEVEL = "-O";
				VALIDATE_PRODUCT = YES;
			};
			name = Release;
		};
		D0578EE5280B39E4005E0355 /* Debug */ = {
			isa = XCBuildConfiguration;
			buildSettings = {
				ASSETCATALOG_COMPILER_APPICON_NAME = AppIcon;
				ASSETCATALOG_COMPILER_GLOBAL_ACCENT_COLOR_NAME = AccentColor;
				CODE_SIGN_STYLE = Automatic;
				CURRENT_PROJECT_VERSION = 1;
				DEVELOPMENT_ASSET_PATHS = "\"GeekJokes/Preview Content\"";
				ENABLE_PREVIEWS = YES;
				GENERATE_INFOPLIST_FILE = YES;
				INFOPLIST_KEY_UIApplicationSceneManifest_Generation = YES;
				INFOPLIST_KEY_UIApplicationSupportsIndirectInputEvents = YES;
				INFOPLIST_KEY_UILaunchScreen_Generation = YES;
				INFOPLIST_KEY_UISupportedInterfaceOrientations_iPad = "UIInterfaceOrientationPortrait UIInterfaceOrientationPortraitUpsideDown UIInterfaceOrientationLandscapeLeft UIInterfaceOrientationLandscapeRight";
				INFOPLIST_KEY_UISupportedInterfaceOrientations_iPhone = "UIInterfaceOrientationPortrait UIInterfaceOrientationLandscapeLeft UIInterfaceOrientationLandscapeRight";
				LD_RUNPATH_SEARCH_PATHS = (
					"$(inherited)",
					"@executable_path/Frameworks",
				);
				MARKETING_VERSION = 1.0;
				PRODUCT_BUNDLE_IDENTIFIER = vishalBhogal.GeekJokes;
				PRODUCT_NAME = "$(TARGET_NAME)";
				SWIFT_EMIT_LOC_STRINGS = YES;
				SWIFT_VERSION = 5.0;
				TARGETED_DEVICE_FAMILY = "1,2";
			};
			name = Debug;
		};
		D0578EE6280B39E4005E0355 /* Release */ = {
			isa = XCBuildConfiguration;
			buildSettings = {
				ASSETCATALOG_COMPILER_APPICON_NAME = AppIcon;
				ASSETCATALOG_COMPILER_GLOBAL_ACCENT_COLOR_NAME = AccentColor;
				CODE_SIGN_STYLE = Automatic;
				CURRENT_PROJECT_VERSION = 1;
				DEVELOPMENT_ASSET_PATHS = "\"GeekJokes/Preview Content\"";
				ENABLE_PREVIEWS = YES;
				GENERATE_INFOPLIST_FILE = YES;
				INFOPLIST_KEY_UIApplicationSceneManifest_Generation = YES;
				INFOPLIST_KEY_UIApplicationSupportsIndirectInputEvents = YES;
				INFOPLIST_KEY_UILaunchScreen_Generation = YES;
				INFOPLIST_KEY_UISupportedInterfaceOrientations_iPad = "UIInterfaceOrientationPortrait UIInterfaceOrientationPortraitUpsideDown UIInterfaceOrientationLandscapeLeft UIInterfaceOrientationLandscapeRight";
				INFOPLIST_KEY_UISupportedInterfaceOrientations_iPhone = "UIInterfaceOrientationPortrait UIInterfaceOrientationLandscapeLeft UIInterfaceOrientationLandscapeRight";
				LD_RUNPATH_SEARCH_PATHS = (
					"$(inherited)",
					"@executable_path/Frameworks",
				);
				MARKETING_VERSION = 1.0;
				PRODUCT_BUNDLE_IDENTIFIER = vishalBhogal.GeekJokes;
				PRODUCT_NAME = "$(TARGET_NAME)";
				SWIFT_EMIT_LOC_STRINGS = YES;
				SWIFT_VERSION = 5.0;
				TARGETED_DEVICE_FAMILY = "1,2";
			};
			name = Release;
		};
		D0578EE8280B39E4005E0355 /* Debug */ = {
			isa = XCBuildConfiguration;
			buildSettings = {
				ALWAYS_EMBED_SWIFT_STANDARD_LIBRARIES = YES;
				BUNDLE_LOADER = "$(TEST_HOST)";
				CODE_SIGN_STYLE = Automatic;
				CURRENT_PROJECT_VERSION = 1;
				GENERATE_INFOPLIST_FILE = YES;
				IPHONEOS_DEPLOYMENT_TARGET = 15.4;
				MARKETING_VERSION = 1.0;
				PRODUCT_BUNDLE_IDENTIFIER = vishalBhogal.GeekJokesTests;
				PRODUCT_NAME = "$(TARGET_NAME)";
				SWIFT_EMIT_LOC_STRINGS = NO;
				SWIFT_VERSION = 5.0;
				TARGETED_DEVICE_FAMILY = "1,2";
				TEST_HOST = "$(BUILT_PRODUCTS_DIR)/GeekJokes.app/GeekJokes";
			};
			name = Debug;
		};
		D0578EE9280B39E4005E0355 /* Release */ = {
			isa = XCBuildConfiguration;
			buildSettings = {
				ALWAYS_EMBED_SWIFT_STANDARD_LIBRARIES = YES;
				BUNDLE_LOADER = "$(TEST_HOST)";
				CODE_SIGN_STYLE = Automatic;
				CURRENT_PROJECT_VERSION = 1;
				GENERATE_INFOPLIST_FILE = YES;
				IPHONEOS_DEPLOYMENT_TARGET = 15.4;
				MARKETING_VERSION = 1.0;
				PRODUCT_BUNDLE_IDENTIFIER = vishalBhogal.GeekJokesTests;
				PRODUCT_NAME = "$(TARGET_NAME)";
				SWIFT_EMIT_LOC_STRINGS = NO;
				SWIFT_VERSION = 5.0;
				TARGETED_DEVICE_FAMILY = "1,2";
				TEST_HOST = "$(BUILT_PRODUCTS_DIR)/GeekJokes.app/GeekJokes";
			};
			name = Release;
		};
		D0578EEB280B39E4005E0355 /* Debug */ = {
			isa = XCBuildConfiguration;
			buildSettings = {
				ALWAYS_EMBED_SWIFT_STANDARD_LIBRARIES = YES;
				CODE_SIGN_STYLE = Automatic;
				CURRENT_PROJECT_VERSION = 1;
				GENERATE_INFOPLIST_FILE = YES;
				MARKETING_VERSION = 1.0;
				PRODUCT_BUNDLE_IDENTIFIER = vishalBhogal.GeekJokesUITests;
				PRODUCT_NAME = "$(TARGET_NAME)";
				SWIFT_EMIT_LOC_STRINGS = NO;
				SWIFT_VERSION = 5.0;
				TARGETED_DEVICE_FAMILY = "1,2";
				TEST_TARGET_NAME = GeekJokes;
			};
			name = Debug;
		};
		D0578EEC280B39E4005E0355 /* Release */ = {
			isa = XCBuildConfiguration;
			buildSettings = {
				ALWAYS_EMBED_SWIFT_STANDARD_LIBRARIES = YES;
				CODE_SIGN_STYLE = Automatic;
				CURRENT_PROJECT_VERSION = 1;
				GENERATE_INFOPLIST_FILE = YES;
				MARKETING_VERSION = 1.0;
				PRODUCT_BUNDLE_IDENTIFIER = vishalBhogal.GeekJokesUITests;
				PRODUCT_NAME = "$(TARGET_NAME)";
				SWIFT_EMIT_LOC_STRINGS = NO;
				SWIFT_VERSION = 5.0;
				TARGETED_DEVICE_FAMILY = "1,2";
				TEST_TARGET_NAME = GeekJokes;
			};
			name = Release;
		};
/* End XCBuildConfiguration section */

/* Begin XCConfigurationList section */
		D0578EBB280B39E2005E0355 /* Build configuration list for PBXProject "GeekJokes" */ = {
			isa = XCConfigurationList;
			buildConfigurations = (
				D0578EE2280B39E4005E0355 /* Debug */,
				D0578EE3280B39E4005E0355 /* Release */,
			);
			defaultConfigurationIsVisible = 0;
			defaultConfigurationName = Release;
		};
		D0578EE4280B39E4005E0355 /* Build configuration list for PBXNativeTarget "GeekJokes" */ = {
			isa = XCConfigurationList;
			buildConfigurations = (
				D0578EE5280B39E4005E0355 /* Debug */,
				D0578EE6280B39E4005E0355 /* Release */,
			);
			defaultConfigurationIsVisible = 0;
			defaultConfigurationName = Release;
		};
		D0578EE7280B39E4005E0355 /* Build configuration list for PBXNativeTarget "GeekJokesTests" */ = {
			isa = XCConfigurationList;
			buildConfigurations = (
				D0578EE8280B39E4005E0355 /* Debug */,
				D0578EE9280B39E4005E0355 /* Release */,
			);
			defaultConfigurationIsVisible = 0;
			defaultConfigurationName = Release;
		};
		D0578EEA280B39E4005E0355 /* Build configuration list for PBXNativeTarget "GeekJokesUITests" */ = {
			isa = XCConfigurationList;
			buildConfigurations = (
				D0578EEB280B39E4005E0355 /* Debug */,
				D0578EEC280B39E4005E0355 /* Release */,
			);
			defaultConfigurationIsVisible = 0;
			defaultConfigurationName = Release;
		};
/* End XCConfigurationList section */

/* Begin XCRemoteSwiftPackageReference section */
		D0578EF2280B47EE005E0355 /* XCRemoteSwiftPackageReference "RxSwift" */ = {
			isa = XCRemoteSwiftPackageReference;
			repositoryURL = "https://github.com/ReactiveX/RxSwift";
			requirement = {
				branch = main;
				kind = branch;
			};
		};
		D0EB93D92839618000686ECC /* XCRemoteSwiftPackageReference "swift-composable-architecture" */ = {
			isa = XCRemoteSwiftPackageReference;
			repositoryURL = "https://github.com/pointfreeco/swift-composable-architecture";
			requirement = {
				kind = upToNextMajorVersion;
				minimumVersion = 0.9.0;
			};
		};
/* End XCRemoteSwiftPackageReference section */

/* Begin XCSwiftPackageProductDependency section */
		D0578EF3280B47EE005E0355 /* RxRelay */ = {
			isa = XCSwiftPackageProductDependency;
			package = D0578EF2280B47EE005E0355 /* XCRemoteSwiftPackageReference "RxSwift" */;
			productName = RxRelay;
		};
		D0578EF5280B47EE005E0355 /* RxSwift */ = {
			isa = XCSwiftPackageProductDependency;
			package = D0578EF2280B47EE005E0355 /* XCRemoteSwiftPackageReference "RxSwift" */;
			productName = RxSwift;
		};
		D0EB93DA2839618000686ECC /* ComposableArchitecture */ = {
			isa = XCSwiftPackageProductDependency;
			package = D0EB93D92839618000686ECC /* XCRemoteSwiftPackageReference "swift-composable-architecture" */;
			productName = ComposableArchitecture;
		};
/* End XCSwiftPackageProductDependency section */
	};
	rootObject = D0578EB8280B39E2005E0355 /* Project object */;
}
